
Microsoft Visual Studio Solution File, Format Version 12.00
# Visual Studio Version 17
VisualStudioVersion = 17.2.32616.157
MinimumVisualStudioVersion = 10.0.40219.1
Project("{8BC9CEB8-8B4A-11D0-8D11-00A0C91BC942}") = "递归实现删除单链表中的指定元素", "递归实现删除单链表中的指定元素\递归实现删除单链表中的指定元素.vcxproj", "{752B1BFD-701F-4454-8E36-91355926993B}"
EndProject
Global
	GlobalSection(SolutionConfigurationPlatforms) = preSolution
		Debug|x64 = Debug|x64
		Debug|x86 = Debug|x86
		Release|x64 = Release|x64
		Release|x86 = Release|x86
	EndGlobalSection
	GlobalSection(ProjectConfigurationPlatforms) = postSolution
		{752B1BFD-701F-4454-8E36-91355926993B}.Debug|x64.ActiveCfg = Debug|x64
		{752B1BFD-701F-4454-8E36-91355926993B}.Debug|x64.Build.0 = Debug|x64
		{752B1BFD-701F-4454-8E36-91355926993B}.Debug|x86.ActiveCfg = Debug|Win32
		{752B1BFD-701F-4454-8E36-91355926993B}.Debug|x86.Build.0 = Debug|Win32
		{752B1BFD-701F-4454-8E36-91355926993B}.Release|x64.ActiveCfg = Release|x64
		{752B1BFD-701F-4454-8E36-91355926993B}.Release|x64.Build.0 = Release|x64
		{752B1BFD-701F-4454-8E36-91355926993B}.Release|x86.ActiveCfg = Release|Win32
		{752B1BFD-701F-4454-8E36-91355926993B}.Release|x86.Build.0 = Release|Win32
	EndGlobalSection
	GlobalSection(SolutionProperties) = preSolution
		HideSolutionNode = FALSE
	EndGlobalSection
	GlobalSection(ExtensibilityGlobals) = postSolution
		SolutionGuid = {7344E5B7-95B9-452C-BA70-1A3324570826}
	EndGlobalSection
EndGlobal
